
Microsoft Visual Studio Solution File, Format Version 12.00
# Visual Studio Version 16
VisualStudioVersion = 16.0.34407.143
MinimumVisualStudioVersion = 10.0.40219.1
Project("{FAE04EC0-301F-11D3-BF4B-00C04F79EFBC}") = "StudentRC_management_system", "StudentRC_management_system\StudentRC_management_system.csproj", "{DBB28117-4CA5-401F-BB25-C4C56FEA9454}"
EndProject
Global
	GlobalSection(SolutionConfigurationPlatforms) = preSolution
		Debug|Any CPU = Debug|Any CPU
		Release|Any CPU = Release|Any CPU
	EndGlobalSection
	GlobalSection(ProjectConfigurationPlatforms) = postSolution
		{DBB28117-4CA5-401F-BB25-C4C56FEA9454}.Debug|Any CPU.ActiveCfg = Debug|Any CPU
		{DBB28117-4CA5-401F-BB25-C4C56FEA9454}.Debug|Any CPU.Build.0 = Debug|Any CPU
		{DBB28117-4CA5-401F-BB25-C4C56FEA9454}.Release|Any CPU.ActiveCfg = Release|Any CPU
		{DBB28117-4CA5-401F-BB25-C4C56FEA9454}.Release|Any CPU.Build.0 = Release|Any CPU
	EndGlobalSection
	GlobalSection(SolutionProperties) = preSolution
		HideSolutionNode = FALSE
	EndGlobalSection
	GlobalSection(ExtensibilityGlobals) = postSolution
		SolutionGuid = {EB852F20-1ADD-482B-AFCE-786D41C4E60E}
	EndGlobalSection
EndGlobal
